
Microsoft Visual Studio Solution File, Format Version 12.00
# Visual Studio Version 17
VisualStudioVersion = 17.8.34330.188
MinimumVisualStudioVersion = 10.0.40219.1
Project("{9A19103F-16F7-4668-BE54-9A1E7A4F7556}") = "ItemRental.API", "ItemRental.API\ItemRental.API.csproj", "{5D0FD793-6299-4179-B107-951281D6E8B7}"
EndProject
Project("{9A19103F-16F7-4668-BE54-9A1E7A4F7556}") = "ItemRental.Core", "ItemRental.Core\ItemRental.Core.csproj", "{3F216EE5-D984-45E9-B93F-150E4524BC45}"
EndProject
Project("{9A19103F-16F7-4668-BE54-9A1E7A4F7556}") = "ItemRental.Services", "ItemRental.Services\ItemRental.Services.csproj", "{4C3BC66D-776F-484E-8524-6A1143A441C6}"
EndProject
Project("{9A19103F-16F7-4668-BE54-9A1E7A4F7556}") = "ItemRental.Repositories", "ItemRental.Repositories\ItemRental.Repositories.csproj", "{34D9FE18-5CD0-41CF-AA52-13574389AB15}"
EndProject
Project("{9A19103F-16F7-4668-BE54-9A1E7A4F7556}") = "ItemRental.Application", "ItemRental.Application\ItemRental.Application.csproj", "{93484A73-2E0C-4218-98E3-F2CB505BCF69}"
EndProject
Project("{9A19103F-16F7-4668-BE54-9A1E7A4F7556}") = "ItemRental.Tests", "ItemRental.Tests\ItemRental.Tests.csproj", "{8C7AE669-68B1-4B7E-86E7-0A95386E095F}"
EndProject
Project("{E53339B2-1760-4266-BCC7-CA923CBCF16C}") = "docker-compose", "docker-compose.dcproj", "{7A1DF32B-CA31-4B55-BD37-36B7797D3C4C}"
EndProject
Global
	GlobalSection(SolutionConfigurationPlatforms) = preSolution
		Debug|Any CPU = Debug|Any CPU
		Release|Any CPU = Release|Any CPU
	EndGlobalSection
	GlobalSection(ProjectConfigurationPlatforms) = postSolution
		{5D0FD793-6299-4179-B107-951281D6E8B7}.Debug|Any CPU.ActiveCfg = Debug|Any CPU
		{5D0FD793-6299-4179-B107-951281D6E8B7}.Debug|Any CPU.Build.0 = Debug|Any CPU
		{5D0FD793-6299-4179-B107-951281D6E8B7}.Release|Any CPU.ActiveCfg = Release|Any CPU
		{5D0FD793-6299-4179-B107-951281D6E8B7}.Release|Any CPU.Build.0 = Release|Any CPU
		{3F216EE5-D984-45E9-B93F-150E4524BC45}.Debug|Any CPU.ActiveCfg = Debug|Any CPU
		{3F216EE5-D984-45E9-B93F-150E4524BC45}.Debug|Any CPU.Build.0 = Debug|Any CPU
		{3F216EE5-D984-45E9-B93F-150E4524BC45}.Release|Any CPU.ActiveCfg = Release|Any CPU
		{3F216EE5-D984-45E9-B93F-150E4524BC45}.Release|Any CPU.Build.0 = Release|Any CPU
		{4C3BC66D-776F-484E-8524-6A1143A441C6}.Debug|Any CPU.ActiveCfg = Debug|Any CPU
		{4C3BC66D-776F-484E-8524-6A1143A441C6}.Debug|Any CPU.Build.0 = Debug|Any CPU
		{4C3BC66D-776F-484E-8524-6A1143A441C6}.Release|Any CPU.ActiveCfg = Release|Any CPU
		{4C3BC66D-776F-484E-8524-6A1143A441C6}.Release|Any CPU.Build.0 = Release|Any CPU
		{34D9FE18-5CD0-41CF-AA52-13574389AB15}.Debug|Any CPU.ActiveCfg = Debug|Any CPU
		{34D9FE18-5CD0-41CF-AA52-13574389AB15}.Debug|Any CPU.Build.0 = Debug|Any CPU
		{34D9FE18-5CD0-41CF-AA52-13574389AB15}.Release|Any CPU.ActiveCfg = Release|Any CPU
		{34D9FE18-5CD0-41CF-AA52-13574389AB15}.Release|Any CPU.Build.0 = Release|Any CPU
		{93484A73-2E0C-4218-98E3-F2CB505BCF69}.Debug|Any CPU.ActiveCfg = Debug|Any CPU
		{93484A73-2E0C-4218-98E3-F2CB505BCF69}.Debug|Any CPU.Build.0 = Debug|Any CPU
		{93484A73-2E0C-4218-98E3-F2CB505BCF69}.Release|Any CPU.ActiveCfg = Release|Any CPU
		{93484A73-2E0C-4218-98E3-F2CB505BCF69}.Release|Any CPU.Build.0 = Release|Any CPU
		{8C7AE669-68B1-4B7E-86E7-0A95386E095F}.Debug|Any CPU.ActiveCfg = Debug|Any CPU
		{8C7AE669-68B1-4B7E-86E7-0A95386E095F}.Debug|Any CPU.Build.0 = Debug|Any CPU
		{8C7AE669-68B1-4B7E-86E7-0A95386E095F}.Release|Any CPU.ActiveCfg = Release|Any CPU
		{8C7AE669-68B1-4B7E-86E7-0A95386E095F}.Release|Any CPU.Build.0 = Release|Any CPU
		{7A1DF32B-CA31-4B55-BD37-36B7797D3C4C}.Debug|Any CPU.ActiveCfg = Debug|Any CPU
		{7A1DF32B-CA31-4B55-BD37-36B7797D3C4C}.Debug|Any CPU.Build.0 = Debug|Any CPU
		{7A1DF32B-CA31-4B55-BD37-36B7797D3C4C}.Release|Any CPU.ActiveCfg = Release|Any CPU
		{7A1DF32B-CA31-4B55-BD37-36B7797D3C4C}.Release|Any CPU.Build.0 = Release|Any CPU
	EndGlobalSection
	GlobalSection(SolutionProperties) = preSolution
		HideSolutionNode = FALSE
	EndGlobalSection
	GlobalSection(ExtensibilityGlobals) = postSolution
		SolutionGuid = {E609DA1B-D787-4A78-B254-A49B724DBD62}
	EndGlobalSection
EndGlobal
